
Microsoft Visual Studio Solution File, Format Version 12.00
# Visual Studio Version 17
VisualStudioVersion = 17.4.33205.214
MinimumVisualStudioVersion = 10.0.40219.1
Project("{FAE04EC0-301F-11D3-BF4B-00C04F79EFBC}") = "ProjectEuler.UnitTests", "ProjectEuler.UnitTests\ProjectEuler.UnitTests.csproj", "{C1B096D2-AB58-42BF-BD78-1B1D869DB3FF}"
EndProject
Project("{FAE04EC0-301F-11D3-BF4B-00C04F79EFBC}") = "ProjectEuler.Core", "ProjectEuler.Core\ProjectEuler.Core.csproj", "{C41BD88A-6706-479A-AEBC-5D166C7999A9}"
EndProject
Project("{FAE04EC0-301F-11D3-BF4B-00C04F79EFBC}") = "ProjectEuler.UI", "ProjectEuler.UI\ProjectEuler.UI.csproj", "{5FCE25B8-AC3C-4C5F-888D-16F58CCDE580}"
EndProject
Global
	GlobalSection(SolutionConfigurationPlatforms) = preSolution
		Debug|Any CPU = Debug|Any CPU
		Release|Any CPU = Release|Any CPU
	EndGlobalSection
	GlobalSection(ProjectConfigurationPlatforms) = postSolution
		{C1B096D2-AB58-42BF-BD78-1B1D869DB3FF}.Debug|Any CPU.ActiveCfg = Debug|Any CPU
		{C1B096D2-AB58-42BF-BD78-1B1D869DB3FF}.Debug|Any CPU.Build.0 = Debug|Any CPU
		{C1B096D2-AB58-42BF-BD78-1B1D869DB3FF}.Release|Any CPU.ActiveCfg = Release|Any CPU
		{C1B096D2-AB58-42BF-BD78-1B1D869DB3FF}.Release|Any CPU.Build.0 = Release|Any CPU
		{C41BD88A-6706-479A-AEBC-5D166C7999A9}.Debug|Any CPU.ActiveCfg = Debug|Any CPU
		{C41BD88A-6706-479A-AEBC-5D166C7999A9}.Debug|Any CPU.Build.0 = Debug|Any CPU
		{C41BD88A-6706-479A-AEBC-5D166C7999A9}.Release|Any CPU.ActiveCfg = Release|Any CPU
		{C41BD88A-6706-479A-AEBC-5D166C7999A9}.Release|Any CPU.Build.0 = Release|Any CPU
		{5FCE25B8-AC3C-4C5F-888D-16F58CCDE580}.Debug|Any CPU.ActiveCfg = Debug|Any CPU
		{5FCE25B8-AC3C-4C5F-888D-16F58CCDE580}.Debug|Any CPU.Build.0 = Debug|Any CPU
		{5FCE25B8-AC3C-4C5F-888D-16F58CCDE580}.Release|Any CPU.ActiveCfg = Release|Any CPU
		{5FCE25B8-AC3C-4C5F-888D-16F58CCDE580}.Release|Any CPU.Build.0 = Release|Any CPU
	EndGlobalSection
	GlobalSection(SolutionProperties) = preSolution
		HideSolutionNode = FALSE
	EndGlobalSection
	GlobalSection(ExtensibilityGlobals) = postSolution
		SolutionGuid = {1010C84C-F142-4AAF-B3F4-156B9B0C628A}
	EndGlobalSection
EndGlobal
